// !$*UTF8*$!
{
	archiveVersion = 1;
	classes = {
	};
	objectVersion = 50;
	objects = {

/* Begin PBXBuildFile section */
		BA1D09B9216E3E060074A401 /* AppDelegate.swift in Sources */ = {isa = PBXBuildFile; fileRef = BA1D09B8216E3E060074A401 /* AppDelegate.swift */; };
		BA1D09BB216E3E060074A401 /* ViewController.swift in Sources */ = {isa = PBXBuildFile; fileRef = BA1D09BA216E3E060074A401 /* ViewController.swift */; };
		BA1D09BE216E3E060074A401 /* Main.storyboard in Resources */ = {isa = PBXBuildFile; fileRef = BA1D09BC216E3E060074A401 /* Main.storyboard */; };
		BA1D09C0216E3E070074A401 /* Assets.xcassets in Resources */ = {isa = PBXBuildFile; fileRef = BA1D09BF216E3E070074A401 /* Assets.xcassets */; };
		BA1D09C3216E3E070074A401 /* LaunchScreen.storyboard in Resources */ = {isa = PBXBuildFile; fileRef = BA1D09C1216E3E070074A401 /* LaunchScreen.storyboard */; };
		BA8FD4992172693500F82A51 /* Custom View Controller.swift in Sources */ = {isa = PBXBuildFile; fileRef = BA8FD4982172693500F82A51 /* Custom View Controller.swift */; };
		BA998C2B216F9AB500B7681B /* Select Difficulty View Controller.swift in Sources */ = {isa = PBXBuildFile; fileRef = BA998C2A216F9AB500B7681B /* Select Difficulty View Controller.swift */; };
/* End PBXBuildFile section */

/* Begin PBXFileReference section */
		BA1D09B5216E3E060074A401 /* Guessing Game ios.app */ = {isa = PBXFileReference; explicitFileType = wrapper.application; includeInIndex = 0; path = "Guessing Game ios.app"; sourceTree = BUILT_PRODUCTS_DIR; };
		BA1D09B8216E3E060074A401 /* AppDelegate.swift */ = {isa = PBXFileReference; lastKnownFileType = sourcecode.swift; path = AppDelegate.swift; sourceTree = "<group>"; };
		BA1D09BA216E3E060074A401 /* ViewController.swift */ = {isa = PBXFileReference; lastKnownFileType = sourcecode.swift; path = ViewController.swift; sourceTree = "<group>"; };
		BA1D09BD216E3E060074A401 /* Base */ = {isa = PBXFileReference; lastKnownFileType = file.storyboard; name = Base; path = Base.lproj/Main.storyboard; sourceTree = "<group>"; };
		BA1D09BF216E3E070074A401 /* Assets.xcassets */ = {isa = PBXFileReference; lastKnownFileType = folder.assetcatalog; path = Assets.xcassets; sourceTree = "<group>"; };
		BA1D09C2216E3E070074A401 /* Base */ = {isa = PBXFileReference; lastKnownFileType = file.storyboard; name = Base; path = Base.lproj/LaunchScreen.storyboard; sourceTree = "<group>"; };
		BA1D09C4216E3E070074A401 /* Info.plist */ = {isa = PBXFileReference; lastKnownFileType = text.plist.xml; path = Info.plist; sourceTree = "<group>"; };
		BA8FD4982172693500F82A51 /* Custom View Controller.swift */ = {isa = PBXFileReference; lastKnownFileType = sourcecode.swift; path = "Custom View Controller.swift"; sourceTree = "<group>"; };
		BA998C2A216F9AB500B7681B /* Select Difficulty View Controller.swift */ = {isa = PBXFileReference; lastKnownFileType = sourcecode.swift; path = "Select Difficulty View Controller.swift"; sourceTree = "<group>"; };
/* End PBXFileReference section */

/* Begin PBXFrameworksBuildPhase section */
		BA1D09B2216E3E060074A401 /* Frameworks */ = {
			isa = PBXFrameworksBuildPhase;
			buildActionMask = 2147483647;
			files = (
			);
			runOnlyForDeploymentPostprocessing = 0;
		};
/* End PBXFrameworksBuildPhase section */

/* Begin PBXGroup section */
		BA1D09AC216E3E060074A401 = {
			isa = PBXGroup;
			children = (
				BA1D09B7216E3E060074A401 /* Guessing Game ios */,
				BA1D09B6216E3E060074A401 /* Products */,
			);
			sourceTree = "<group>";
		};
		BA1D09B6216E3E060074A401 /* Products */ = {
			isa = PBXGroup;
			children = (
				BA1D09B5216E3E060074A401 /* Guessing Game ios.app */,
			);
			name = Products;
			sourceTree = "<group>";
		};
		BA1D09B7216E3E060074A401 /* Guessing Game ios */ = {
			isa = PBXGroup;
			children = (
				BA1D09B8216E3E060074A401 /* AppDelegate.swift */,
				BA1D09BA216E3E060074A401 /* ViewController.swift */,
				BA998C2A216F9AB500B7681B /* Select Difficulty View Controller.swift */,
				BA8FD4982172693500F82A51 /* Custom View Controller.swift */,
				BA1D09BC216E3E060074A401 /* Main.storyboard */,
				BA1D09BF216E3E070074A401 /* Assets.xcassets */,
				BA1D09C1216E3E070074A401 /* LaunchScreen.storyboard */,
				BA1D09C4216E3E070074A401 /* Info.plist */,
			);
			path = "Guessing Game ios";
			sourceTree = "<group>";
		};
/* End PBXGroup section */

/* Begin PBXNativeTarget section */
		BA1D09B4216E3E060074A401 /* Guessing Game ios */ = {
			isa = PBXNativeTarget;
			buildConfigurationList = BA1D09C7216E3E070074A401 /* Build configuration list for PBXNativeTarget "Guessing Game ios" */;
			buildPhases = (
				BA1D09B1216E3E060074A401 /* Sources */,
				BA1D09B2216E3E060074A401 /* Frameworks */,
				BA1D09B3216E3E060074A401 /* Resources */,
			);
			buildRules = (
			);
			dependencies = (
			);
			name = "Guessing Game ios";
			productName = "Guessing Game ios";
			productReference = BA1D09B5216E3E060074A401 /* Guessing Game ios.app */;
			productType = "com.apple.product-type.application";
		};
/* End PBXNativeTarget section */

/* Begin PBXProject section */
		BA1D09AD216E3E060074A401 /* Project object */ = {
			isa = PBXProject;
			attributes = {
				LastSwiftUpdateCheck = 1000;
				LastUpgradeCheck = 1000;
				ORGANIZATIONNAME = "Gabriela Torres";
				TargetAttributes = {
					BA1D09B4216E3E060074A401 = {
						CreatedOnToolsVersion = 10.0;
					};
				};
			};
			buildConfigurationList = BA1D09B0216E3E060074A401 /* Build configuration list for PBXProject "Guessing Game ios" */;
			compatibilityVersion = "Xcode 9.3";
			developmentRegion = en;
			hasScannedForEncodings = 0;
			knownRegions = (
				en,
				Base,
			);
			mainGroup = BA1D09AC216E3E060074A401;
			productRefGroup = BA1D09B6216E3E060074A401 /* Products */;
			projectDirPath = "";
			projectRoot = "";
			targets = (
				BA1D09B4216E3E060074A401 /* Guessing Game ios */,
			);
		};
/* End PBXProject section */

/* Begin PBXResourcesBuildPhase section */
		BA1D09B3216E3E060074A401 /* Resources */ = {
			isa = PBXResourcesBuildPhase;
			buildActionMask = 2147483647;
			files = (
				BA1D09C3216E3E070074A401 /* LaunchScreen.storyboard in Resources */,
				BA1D09C0216E3E070074A401 /* Assets.xcassets in Resources */,
				BA1D09BE216E3E060074A401 /* Main.storyboard in Resources */,
			);
			runOnlyForDeploymentPostprocessing = 0;
		};
/* End PBXResourcesBuildPhase section */

/* Begin PBXSourcesBuildPhase section */
		BA1D09B1216E3E060074A401 /* Sources */ = {
			isa = PBXSourcesBuildPhase;
			buildActionMask = 2147483647;
			files = (
				BA998C2B216F9AB500B7681B /* Select Difficulty View Controller.swift in Sources */,
				BA8FD4992172693500F82A51 /* Custom View Controller.swift in Sources */,
				BA1D09BB216E3E060074A401 /* ViewController.swift in Sources */,
				BA1D09B9216E3E060074A401 /* AppDelegate.swift in Sources */,
			);
			runOnlyForDeploymentPostprocessing = 0;
		};
/* End PBXSourcesBuildPhase section */

/* Begin PBXVariantGroup section */
		BA1D09BC216E3E060074A401 /* Main.storyboard */ = {
			isa = PBXVariantGroup;
			children = (
				BA1D09BD216E3E060074A401 /* Base */,
			);
			name = Main.storyboard;
			sourceTree = "<group>";
		};
		BA1D09C1216E3E070074A401 /* LaunchScreen.storyboard */ = {
			isa = PBXVariantGroup;
			children = (
				BA1D09C2216E3E070074A401 /* Base */,
			);
			name = LaunchScreen.storyboard;
			sourceTree = "<group>";
		};
/* End PBXVariantGroup section */

/* Begin XCBuildConfiguration section */
		BA1D09C5216E3E070074A401 /* Debug */ = {
			isa = XCBuildConfiguration;
			buildSettings = {
				ALWAYS_SEARCH_USER_PATHS = NO;
				CLANG_ANALYZER_NONNULL = YES;
				CLANG_ANALYZER_NUMBER_OBJECT_CONVERSION = YES_AGGRESSIVE;
				CLANG_CXX_LANGUAGE_STANDARD = "gnu++14";
				CLANG_CXX_LIBRARY = "libc++";
				CLANG_ENABLE_MODULES = YES;
				CLANG_ENABLE_OBJC_ARC = YES;
				CLANG_ENABLE_OBJC_WEAK = YES;
				CLANG_WARN_BLOCK_CAPTURE_AUTORELEASING = YES;
				CLANG_WARN_BOOL_CONVERSION = YES;
				CLANG_WARN_COMMA = YES;
				CLANG_WARN_CONSTANT_CONVERSION = YES;
				CLANG_WARN_DEPRECATED_OBJC_IMPLEMENTATIONS = YES;
				CLANG_WARN_DIRECT_OBJC_ISA_USAGE = YES_ERROR;
				CLANG_WARN_DOCUMENTATION_COMMENTS = YES;
				CLANG_WARN_EMPTY_BODY = YES;
				CLANG_WARN_ENUM_CONVERSION = YES;
				CLANG_WARN_INFINITE_RECURSION = YES;
				CLANG_WARN_INT_CONVERSION = YES;
				CLANG_WARN_NON_LITERAL_NULL_CONVERSION = YES;
				CLANG_WARN_OBJC_IMPLICIT_RETAIN_SELF = YES;
				CLANG_WARN_OBJC_LITERAL_CONVERSION = YES;
				CLANG_WARN_OBJC_ROOT_CLASS = YES_ERROR;
				CLANG_WARN_RANGE_LOOP_ANALYSIS = YES;
				CLANG_WARN_STRICT_PROTOTYPES = YES;
				CLANG_WARN_SUSPICIOUS_MOVE = YES;
				CLANG_WARN_UNGUARDED_AVAILABILITY = YES_AGGRESSIVE;
				CLANG_WARN_UNREACHABLE_CODE = YES;
				CLANG_WARN__DUPLICATE_METHOD_MATCH = YES;
				CODE_SIGN_IDENTITY = "iPhone Developer";
				COPY_PHASE_STRIP = NO;
				DEBUG_INFORMATION_FORMAT = dwarf;
				ENABLE_STRICT_OBJC_MSGSEND = YES;
				ENABLE_TESTABILITY = YES;
				GCC_C_LANGUAGE_STANDARD = gnu11;
				GCC_DYNAMIC_NO_PIC = NO;
				GCC_NO_COMMON_BLOCKS = YES;
				GCC_OPTIMIZATION_LEVEL = 0;
				GCC_PREPROCESSOR_DEFINITIONS = (
					"DEBUG=1",
					"$(inherited)",
				);
				GCC_WARN_64_TO_32_BIT_CONVERSION = YES;
				GCC_WARN_ABOUT_RETURN_TYPE = YES_ERROR;
				GCC_WARN_UNDECLARED_SELECTOR = YES;
				GCC_WARN_UNINITIALIZED_AUTOS = YES_AGGRESSIVE;
				GCC_WARN_UNUSED_FUNCTION = YES;
				GCC_WARN_UNUSED_VARIABLE = YES;
				IPHONEOS_DEPLOYMENT_TARGET = 12.0;
				MTL_ENABLE_DEBUG_INFO = INCLUDE_SOURCE;
				MTL_FAST_MATH = YES;
				ONLY_ACTIVE_ARCH = YES;
				SDKROOT = iphoneos;
				SWIFT_ACTIVE_COMPILATION_CONDITIONS = DEBUG;
				SWIFT_OPTIMIZATION_LEVEL = "-Onone";
			};
			name = Debug;
		};
		BA1D09C6216E3E070074A401 /* Release */ = {
			isa = XCBuildConfiguration;
			buildSettings = {
				ALWAYS_SEARCH_USER_PATHS = NO;
				CLANG_ANALYZER_NONNULL = YES;
				CLANG_ANALYZER_NUMBER_OBJECT_CONVERSION = YES_AGGRESSIVE;
				CLANG_CXX_LANGUAGE_STANDARD = "gnu++14";
				CLANG_CXX_LIBRARY = "libc++";
				CLANG_ENABLE_MODULES = YES;
				CLANG_ENABLE_OBJC_ARC = YES;
				CLANG_ENABLE_OBJC_WEAK = YES;
				CLANG_WARN_BLOCK_CAPTURE_AUTORELEASING = YES;
				CLANG_WARN_BOOL_CONVERSION = YES;
				CLANG_WARN_COMMA = YES;
				CLANG_WARN_CONSTANT_CONVERSION = YES;
				CLANG_WARN_DEPRECATED_OBJC_IMPLEMENTATIONS = YES;
				CLANG_WARN_DIRECT_OBJC_ISA_USAGE = YES_ERROR;
				CLANG_WARN_DOCUMENTATION_COMMENTS = YES;
				CLANG_WARN_EMPTY_BODY = YES;
				CLANG_WARN_ENUM_CONVERSION = YES;
				CLANG_WARN_INFINITE_RECURSION = YES;
				CLANG_WARN_INT_CONVERSION = YES;
				CLANG_WARN_NON_LITERAL_NULL_CONVERSION = YES;
				CLANG_WARN_OBJC_IMPLICIT_RETAIN_SELF = YES;
				CLANG_WARN_OBJC_LITERAL_CONVERSION = YES;
				CLANG_WARN_OBJC_ROOT_CLASS = YES_ERROR;
				CLANG_WARN_RANGE_LOOP_ANALYSIS = YES;
				CLANG_WARN_STRICT_PROTOTYPES = YES;
				CLANG_WARN_SUSPICIOUS_MOVE = YES;
				CLANG_WARN_UNGUARDED_AVAILABILITY = YES_AGGRESSIVE;
				CLANG_WARN_UNREACHABLE_CODE = YES;
				CLANG_WARN__DUPLICATE_METHOD_MATCH = YES;
				CODE_SIGN_IDENTITY = "iPhone Developer";
				COPY_PHASE_STRIP = NO;
				DEBUG_INFORMATION_FORMAT = "dwarf-with-dsym";
				ENABLE_NS_ASSERTIONS = NO;
				ENABLE_STRICT_OBJC_MSGSEND = YES;
				GCC_C_LANGUAGE_STANDARD = gnu11;
				GCC_NO_COMMON_BLOCKS = YES;
				GCC_WARN_64_TO_32_BIT_CONVERSION = YES;
				GCC_WARN_ABOUT_RETURN_TYPE = YES_ERROR;
				GCC_WARN_UNDECLARED_SELECTOR = YES;
				GCC_WARN_UNINITIALIZED_AUTOS = YES_AGGRESSIVE;
				GCC_WARN_UNUSED_FUNCTION = YES;
				GCC_WARN_UNUSED_VARIABLE = YES;
				IPHONEOS_DEPLOYMENT_TARGET = 12.0;
				MTL_ENABLE_DEBUG_INFO = NO;
				MTL_FAST_MATH = YES;
				SDKROOT = iphoneos;
				SWIFT_COMPILATION_MODE = wholemodule;
				SWIFT_OPTIMIZATION_LEVEL = "-O";
				VALIDATE_PRODUCT = YES;
			};
			name = Release;
		};
		BA1D09C8216E3E070074A401 /* Debug */ = {
			isa = XCBuildConfiguration;
			buildSettings = {
				ASSETCATALOG_COMPILER_APPICON_NAME = AppIcon;
				CODE_SIGN_STYLE = Automatic;
				INFOPLIST_FILE = "Guessing Game ios/Info.plist";
				LD_RUNPATH_SEARCH_PATHS = (
					"$(inherited)",
					"@executable_path/Frameworks",
				);
				PRODUCT_BUNDLE_IDENTIFIER = "com.gabrielaTorres.Guessing-Game-ios";
				PRODUCT_NAME = "$(TARGET_NAME)";
				SWIFT_VERSION = 4.2;
				TARGETED_DEVICE_FAMILY = "1,2";
			};
			name = Debug;
		};
		BA1D09C9216E3E070074A401 /* Release */ = {
			isa = XCBuildConfiguration;
			buildSettings = {
				ASSETCATALOG_COMPILER_APPICON_NAME = AppIcon;
				CODE_SIGN_STYLE = Automatic;
				INFOPLIST_FILE = "Guessing Game ios/Info.plist";
				LD_RUNPATH_SEARCH_PATHS = (
					"$(inherited)",
					"@executable_path/Frameworks",
				);
				PRODUCT_BUNDLE_IDENTIFIER = "com.gabrielaTorres.Guessing-Game-ios";
				PRODUCT_NAME = "$(TARGET_NAME)";
				SWIFT_VERSION = 4.2;
				TARGETED_DEVICE_FAMILY = "1,2";
			};
			name = Release;
		};
/* End XCBuildConfiguration section */

/* Begin XCConfigurationList section */
		BA1D09B0216E3E060074A401 /* Build configuration list for PBXProject "Guessing Game ios" */ = {
			isa = XCConfigurationList;
			buildConfigurations = (
				BA1D09C5216E3E070074A401 /* Debug */,
				BA1D09C6216E3E070074A401 /* Release */,
			);
			defaultConfigurationIsVisible = 0;
			defaultConfigurationName = Release;
		};
		BA1D09C7216E3E070074A401 /* Build configuration list for PBXNativeTarget "Guessing Game ios" */ = {
			isa = XCConfigurationList;
			buildConfigurations = (
				BA1D09C8216E3E070074A401 /* Debug */,
				BA1D09C9216E3E070074A401 /* Release */,
			);
			defaultConfigurationIsVisible = 0;
			defaultConfigurationName = Release;
		};
/* End XCConfigurationList section */
	};
	rootObject = BA1D09AD216E3E060074A401 /* Project object */;
}
